
Microsoft Visual Studio Solution File, Format Version 12.00
# Visual Studio Version 17
VisualStudioVersion = 17.5.33502.453
MinimumVisualStudioVersion = 10.0.40219.1
Project("{FAE04EC0-301F-11D3-BF4B-00C04F79EFBC}") = "Assessment3", "Assessment3\Assessment3.csproj", "{C4265EB4-D162-4646-AA19-26A24187727A}"
EndProject
Global
	GlobalSection(SolutionConfigurationPlatforms) = preSolution
		Debug|Any CPU = Debug|Any CPU
		Release|Any CPU = Release|Any CPU
	EndGlobalSection
	GlobalSection(ProjectConfigurationPlatforms) = postSolution
		{C4265EB4-D162-4646-AA19-26A24187727A}.Debug|Any CPU.ActiveCfg = Debug|Any CPU
		{C4265EB4-D162-4646-AA19-26A24187727A}.Debug|Any CPU.Build.0 = Debug|Any CPU
		{C4265EB4-D162-4646-AA19-26A24187727A}.Release|Any CPU.ActiveCfg = Release|Any CPU
		{C4265EB4-D162-4646-AA19-26A24187727A}.Release|Any CPU.Build.0 = Release|Any CPU
	EndGlobalSection
	GlobalSection(SolutionProperties) = preSolution
		HideSolutionNode = FALSE
	EndGlobalSection
	GlobalSection(ExtensibilityGlobals) = postSolution
		SolutionGuid = {A69EC429-DED8-4010-9062-18C65D1CCA9B}
	EndGlobalSection
EndGlobal
